dependencies:
  esp-tflite-micro:
    component_hash: 09acb9889f98d0e7b5d9d1aa7184d455cfd30268d627b43371b7593106d0fc4b
    dependencies:
    - name: idf
      version: '>=4.2'
    - name: espressif/esp-nn
      pre_release: true
      version: ^1.0.0-rc1
    source:
      git: https://github.com/espressif/esp-tflite-micro.git
      path: .
      type: git
    version: c5d97c9577de0eb9b8f05078da84bbb9ff0f748f
  esp32_camera:
    component_hash: 659f1353ee3dd6db885667c61e45fad5574c6c4d832fbe6797ea224d6f61d1e3
    dependencies: []
    source:
      git: https://github.com/espressif/esp32-camera.git
      path: .
      type: git
    version: 30aeeeed61e2b0182d673fe2cfedb1b7aa43b1b9
  espressif/esp-nn:
    component_hash: 5d99b2991c109211ea5722bae481bbe243dc7e064d9ffd9e5dfa58aba7be9d88
    dependencies:
    - name: idf
      require: private
      version: '>=4.2'
    source:
      pre_release: true
      registry_url: https://components.espressif.com/
      type: service
    version: 1.1.1
  idf:
    source:
      type: idf
    version: 5.1.6
  mdns:
    component_hash: 4d705549e91ed65f537c7f19ec6d84ce7e139122dc302f8d74d99d32a7c5c757
    dependencies:
    - name: idf
      version: '>=5.0'
    source:
      git: https://github.com/espressif/esp-protocols.git
      path: components/mdns
      type: git
    version: e9d7350219dfb5e39eb56e5ef60c094190888c55
direct_dependencies:
- esp-tflite-micro
- esp32_camera
- mdns
manifest_hash: 9c12909b58c1a5a7c218938cab009ee00afa94c566341574b2ac82e07270451b
target: esp32c3
version: 2.0.0
