dependencies:
  esp-tflite-micro:
    component_hash: 09acb9889f98d0e7b5d9d1aa7184d455cfd30268d627b43371b7593106d0fc4b
    source:
      git: https://github.com/espressif/esp-tflite-micro.git
      path: .
      type: git
    version: c5d97c9577de0eb9b8f05078da84bbb9ff0f748f
  esp32_camera:
    component_hash: 659f1353ee3dd6db885667c61e45fad5574c6c4d832fbe6797ea224d6f61d1e3
    source:
      git: https://github.com/espressif/esp32-camera.git
      path: .
      type: git
    version: 30aeeeed61e2b0182d673fe2cfedb1b7aa43b1b9
  espressif/esp-nn:
    component_hash: 5d99b2991c109211ea5722bae481bbe243dc7e064d9ffd9e5dfa58aba7be9d88
    source:
      pre_release: true
      service_url: https://api.components.espressif.com/
      type: service
    version: 1.1.1
  idf:
    component_hash: null
    source:
      type: idf
    version: 5.3.0
  mdns:
    component_hash: 4d705549e91ed65f537c7f19ec6d84ce7e139122dc302f8d74d99d32a7c5c757
    source:
      git: https://github.com/espressif/esp-protocols.git
      path: components/mdns
      type: git
    version: e9d7350219dfb5e39eb56e5ef60c094190888c55
manifest_hash: 11467c7f281240a1855b442ef9e6869e46eea4a144766e3a7f72b1300dcb1a6a
target: esp32s3
version: 1.0.0
